{
  "name": "PlataformaUniversidad-C3G48-G5",
  "lockfileVersion": 2,
  "requires": true,
<<<<<<< HEAD
  "packages": {
    "": {
      "dependencies": {
        "vue-carousel-3d": "^1.0.1"
      },
      "devDependencies": {
        "@fortawesome/fontawesome-free": "^5.15.4"
      }
    },
    "node_modules/@fortawesome/fontawesome-free": {
      "version": "5.15.4",
      "resolved": "https://registry.npmjs.org/@fortawesome/fontawesome-free/-/fontawesome-free-5.15.4.tgz",
      "integrity": "sha512-eYm8vijH/hpzr/6/1CJ/V/Eb1xQFW2nnUKArb3z+yUWv7HTwj6M7SP957oMjfZjAHU6qpoNc2wQvIxBLWYa/Jg==",
      "dev": true,
      "hasInstallScript": true,
      "engines": {
        "node": ">=6"
      }
    },
    "node_modules/core-js": {
      "version": "3.18.1",
      "resolved": "https://registry.npmjs.org/core-js/-/core-js-3.18.1.tgz",
      "integrity": "sha512-vJlUi/7YdlCZeL6fXvWNaLUPh/id12WXj3MbkMw5uOyF0PfWPBNOCNbs53YqgrvtujLNlt9JQpruyIKkUZ+PKA==",
      "hasInstallScript": true,
      "funding": {
        "type": "opencollective",
        "url": "https://opencollective.com/core-js"
      }
    },
    "node_modules/vue": {
      "version": "2.6.14",
      "resolved": "https://registry.npmjs.org/vue/-/vue-2.6.14.tgz",
      "integrity": "sha512-x2284lgYvjOMj3Za7kqzRcUSxBboHqtgRE2zlos1qWaOye5yUmHn42LB1250NJBLRwEcdrB0JRwyPTEPhfQjiQ=="
    },
    "node_modules/vue-carousel-3d": {
      "version": "1.0.1",
      "resolved": "https://registry.npmjs.org/vue-carousel-3d/-/vue-carousel-3d-1.0.1.tgz",
      "integrity": "sha512-Q50gIEB6plLdqYd3jLxte8RJsXNPQBcrRsgUey7nnaQ7TvtFoRu/4rpPP1FiihahE0v+IzVv8LLSSJxD+XrQVQ==",
      "dependencies": {
        "core-js": "^3.6.5",
        "vue": "^2.6.11"
      }
    }
  },
  "dependencies": {
    "@fortawesome/fontawesome-free": {
      "version": "5.15.4",
      "resolved": "https://registry.npmjs.org/@fortawesome/fontawesome-free/-/fontawesome-free-5.15.4.tgz",
      "integrity": "sha512-eYm8vijH/hpzr/6/1CJ/V/Eb1xQFW2nnUKArb3z+yUWv7HTwj6M7SP957oMjfZjAHU6qpoNc2wQvIxBLWYa/Jg==",
      "dev": true
    },
    "core-js": {
      "version": "3.18.1",
      "resolved": "https://registry.npmjs.org/core-js/-/core-js-3.18.1.tgz",
      "integrity": "sha512-vJlUi/7YdlCZeL6fXvWNaLUPh/id12WXj3MbkMw5uOyF0PfWPBNOCNbs53YqgrvtujLNlt9JQpruyIKkUZ+PKA=="
    },
    "vue": {
      "version": "2.6.14",
      "resolved": "https://registry.npmjs.org/vue/-/vue-2.6.14.tgz",
      "integrity": "sha512-x2284lgYvjOMj3Za7kqzRcUSxBboHqtgRE2zlos1qWaOye5yUmHn42LB1250NJBLRwEcdrB0JRwyPTEPhfQjiQ=="
    },
    "vue-carousel-3d": {
      "version": "1.0.1",
      "resolved": "https://registry.npmjs.org/vue-carousel-3d/-/vue-carousel-3d-1.0.1.tgz",
      "integrity": "sha512-Q50gIEB6plLdqYd3jLxte8RJsXNPQBcrRsgUey7nnaQ7TvtFoRu/4rpPP1FiihahE0v+IzVv8LLSSJxD+XrQVQ==",
      "requires": {
        "core-js": "^3.6.5",
        "vue": "^2.6.11"
      }
    }
  }
=======
  "packages": {}
>>>>>>> d1d86c4ddf32deec4362166fb71c18e9586dd867
}
